
Microsoft Visual Studio Solution File, Format Version 12.00
# Visual Studio Version 17
VisualStudioVersion = 17.0.31903.59
MinimumVisualStudioVersion = 10.0.40219.1
Project("{2150E333-8FDC-42A3-9474-1A3956D46DE8}") = "src", "src", "{827E0CD3-B72D-47B6-A68D-7590B98EB39B}"
EndProject
Project("{FAE04EC0-301F-11D3-BF4B-00C04F79EFBC}") = "InheritanceDemo", "src\InheritanceDemo\InheritanceDemo.csproj", "{B4D7BC57-40C0-4570-BABC-FFE0129D1825}"
EndProject
Project("{FAE04EC0-301F-11D3-BF4B-00C04F79EFBC}") = "AbstractDemo", "src\AbstractDemo\AbstractDemo.csproj", "{197C1E8F-FA1A-4756-B7C5-93EEE5433E94}"
EndProject
Project("{FAE04EC0-301F-11D3-BF4B-00C04F79EFBC}") = "InterfacesDemo", "src\InterfacesDemo\InterfacesDemo.csproj", "{A1C431F3-CFF4-4379-8CEF-24F0D0746EA7}"
EndProject
Global
	GlobalSection(SolutionConfigurationPlatforms) = preSolution
		Debug|Any CPU = Debug|Any CPU
		Debug|x64 = Debug|x64
		Debug|x86 = Debug|x86
		Release|Any CPU = Release|Any CPU
		Release|x64 = Release|x64
		Release|x86 = Release|x86
	EndGlobalSection
	GlobalSection(ProjectConfigurationPlatforms) = postSolution
		{B4D7BC57-40C0-4570-BABC-FFE0129D1825}.Debug|Any CPU.ActiveCfg = Debug|Any CPU
		{B4D7BC57-40C0-4570-BABC-FFE0129D1825}.Debug|Any CPU.Build.0 = Debug|Any CPU
		{B4D7BC57-40C0-4570-BABC-FFE0129D1825}.Debug|x64.ActiveCfg = Debug|Any CPU
		{B4D7BC57-40C0-4570-BABC-FFE0129D1825}.Debug|x64.Build.0 = Debug|Any CPU
		{B4D7BC57-40C0-4570-BABC-FFE0129D1825}.Debug|x86.ActiveCfg = Debug|Any CPU
		{B4D7BC57-40C0-4570-BABC-FFE0129D1825}.Debug|x86.Build.0 = Debug|Any CPU
		{B4D7BC57-40C0-4570-BABC-FFE0129D1825}.Release|Any CPU.ActiveCfg = Release|Any CPU
		{B4D7BC57-40C0-4570-BABC-FFE0129D1825}.Release|Any CPU.Build.0 = Release|Any CPU
		{B4D7BC57-40C0-4570-BABC-FFE0129D1825}.Release|x64.ActiveCfg = Release|Any CPU
		{B4D7BC57-40C0-4570-BABC-FFE0129D1825}.Release|x64.Build.0 = Release|Any CPU
		{B4D7BC57-40C0-4570-BABC-FFE0129D1825}.Release|x86.ActiveCfg = Release|Any CPU
		{B4D7BC57-40C0-4570-BABC-FFE0129D1825}.Release|x86.Build.0 = Release|Any CPU
		{197C1E8F-FA1A-4756-B7C5-93EEE5433E94}.Debug|Any CPU.ActiveCfg = Debug|Any CPU
		{197C1E8F-FA1A-4756-B7C5-93EEE5433E94}.Debug|Any CPU.Build.0 = Debug|Any CPU
		{197C1E8F-FA1A-4756-B7C5-93EEE5433E94}.Debug|x64.ActiveCfg = Debug|Any CPU
		{197C1E8F-FA1A-4756-B7C5-93EEE5433E94}.Debug|x64.Build.0 = Debug|Any CPU
		{197C1E8F-FA1A-4756-B7C5-93EEE5433E94}.Debug|x86.ActiveCfg = Debug|Any CPU
		{197C1E8F-FA1A-4756-B7C5-93EEE5433E94}.Debug|x86.Build.0 = Debug|Any CPU
		{197C1E8F-FA1A-4756-B7C5-93EEE5433E94}.Release|Any CPU.ActiveCfg = Release|Any CPU
		{197C1E8F-FA1A-4756-B7C5-93EEE5433E94}.Release|Any CPU.Build.0 = Release|Any CPU
		{197C1E8F-FA1A-4756-B7C5-93EEE5433E94}.Release|x64.ActiveCfg = Release|Any CPU
		{197C1E8F-FA1A-4756-B7C5-93EEE5433E94}.Release|x64.Build.0 = Release|Any CPU
		{197C1E8F-FA1A-4756-B7C5-93EEE5433E94}.Release|x86.ActiveCfg = Release|Any CPU
		{197C1E8F-FA1A-4756-B7C5-93EEE5433E94}.Release|x86.Build.0 = Release|Any CPU
		{A1C431F3-CFF4-4379-8CEF-24F0D0746EA7}.Debug|Any CPU.ActiveCfg = Debug|Any CPU
		{A1C431F3-CFF4-4379-8CEF-24F0D0746EA7}.Debug|Any CPU.Build.0 = Debug|Any CPU
		{A1C431F3-CFF4-4379-8CEF-24F0D0746EA7}.Debug|x64.ActiveCfg = Debug|Any CPU
		{A1C431F3-CFF4-4379-8CEF-24F0D0746EA7}.Debug|x64.Build.0 = Debug|Any CPU
		{A1C431F3-CFF4-4379-8CEF-24F0D0746EA7}.Debug|x86.ActiveCfg = Debug|Any CPU
		{A1C431F3-CFF4-4379-8CEF-24F0D0746EA7}.Debug|x86.Build.0 = Debug|Any CPU
		{A1C431F3-CFF4-4379-8CEF-24F0D0746EA7}.Release|Any CPU.ActiveCfg = Release|Any CPU
		{A1C431F3-CFF4-4379-8CEF-24F0D0746EA7}.Release|Any CPU.Build.0 = Release|Any CPU
		{A1C431F3-CFF4-4379-8CEF-24F0D0746EA7}.Release|x64.ActiveCfg = Release|Any CPU
		{A1C431F3-CFF4-4379-8CEF-24F0D0746EA7}.Release|x64.Build.0 = Release|Any CPU
		{A1C431F3-CFF4-4379-8CEF-24F0D0746EA7}.Release|x86.ActiveCfg = Release|Any CPU
		{A1C431F3-CFF4-4379-8CEF-24F0D0746EA7}.Release|x86.Build.0 = Release|Any CPU
	EndGlobalSection
	GlobalSection(SolutionProperties) = preSolution
		HideSolutionNode = FALSE
	EndGlobalSection
	GlobalSection(NestedProjects) = preSolution
		{B4D7BC57-40C0-4570-BABC-FFE0129D1825} = {827E0CD3-B72D-47B6-A68D-7590B98EB39B}
		{197C1E8F-FA1A-4756-B7C5-93EEE5433E94} = {827E0CD3-B72D-47B6-A68D-7590B98EB39B}
		{A1C431F3-CFF4-4379-8CEF-24F0D0746EA7} = {827E0CD3-B72D-47B6-A68D-7590B98EB39B}
	EndGlobalSection
EndGlobal
